
Microsoft Visual Studio Solution File, Format Version 12.00
# Visual Studio Version 16
VisualStudioVersion = 16.0.31624.102
MinimumVisualStudioVersion = 10.0.40219.1
Project("{FAE04EC0-301F-11D3-BF4B-00C04F79EFBC}") = "Sort", "Sort\Sort.csproj", "{49D9A4A2-69F7-476A-B37E-8E5513355DE6}"
EndProject
Global
	GlobalSection(SolutionConfigurationPlatforms) = preSolution
		Debug|Any CPU = Debug|Any CPU
		Release|Any CPU = Release|Any CPU
	EndGlobalSection
	GlobalSection(ProjectConfigurationPlatforms) = postSolution
		{49D9A4A2-69F7-476A-B37E-8E5513355DE6}.Debug|Any CPU.ActiveCfg = Debug|Any CPU
		{49D9A4A2-69F7-476A-B37E-8E5513355DE6}.Debug|Any CPU.Build.0 = Debug|Any CPU
		{49D9A4A2-69F7-476A-B37E-8E5513355DE6}.Release|Any CPU.ActiveCfg = Release|Any CPU
		{49D9A4A2-69F7-476A-B37E-8E5513355DE6}.Release|Any CPU.Build.0 = Release|Any CPU
	EndGlobalSection
	GlobalSection(SolutionProperties) = preSolution
		HideSolutionNode = FALSE
	EndGlobalSection
	GlobalSection(ExtensibilityGlobals) = postSolution
		SolutionGuid = {BACD19CF-3806-4AC3-87B6-F6CAFC0725FB}
	EndGlobalSection
EndGlobal
